// !$*UTF8*$!
{
	archiveVersion = 1;
	classes = {
	};
	objectVersion = 46;
	objects = {

/* Begin PBXBuildFile section */
		84BEF9941E97FF79004A43BA /* AppDelegate.swift in Sources */ = {isa = PBXBuildFile; fileRef = 84BEF9931E97FF79004A43BA /* AppDelegate.swift */; };
		84BEF9961E97FF79004A43BA /* FormularioViewController.swift in Sources */ = {isa = PBXBuildFile; fileRef = 84BEF9951E97FF79004A43BA /* FormularioViewController.swift */; };
		84BEF9991E97FF79004A43BA /* Main.storyboard in Resources */ = {isa = PBXBuildFile; fileRef = 84BEF9971E97FF79004A43BA /* Main.storyboard */; };
		84BEF99C1E97FF79004A43BA /* DeboraFood.xcdatamodeld in Sources */ = {isa = PBXBuildFile; fileRef = 84BEF99A1E97FF79004A43BA /* DeboraFood.xcdatamodeld */; };
		84BEF99E1E97FF79004A43BA /* Assets.xcassets in Resources */ = {isa = PBXBuildFile; fileRef = 84BEF99D1E97FF79004A43BA /* Assets.xcassets */; };
		84BEF9A11E97FF79004A43BA /* LaunchScreen.storyboard in Resources */ = {isa = PBXBuildFile; fileRef = 84BEF99F1E97FF79004A43BA /* LaunchScreen.storyboard */; };
		84BEF9AC1E9806E7004A43BA /* ListarTableViewController.swift in Sources */ = {isa = PBXBuildFile; fileRef = 84BEF9AB1E9806E7004A43BA /* ListarTableViewController.swift */; };
		84BEF9AE1E980727004A43BA /* Pedido.swift in Sources */ = {isa = PBXBuildFile; fileRef = 84BEF9AD1E980727004A43BA /* Pedido.swift */; };
		84BEF9B01E980880004A43BA /* Produto.swift in Sources */ = {isa = PBXBuildFile; fileRef = 84BEF9AF1E980880004A43BA /* Produto.swift */; };
		84BEF9B21E981B3A004A43BA /* ProdutoViewController.swift in Sources */ = {isa = PBXBuildFile; fileRef = 84BEF9B11E981B3A004A43BA /* ProdutoViewController.swift */; };
		84CF0CA11E991426009DA710 /* PedidoViewController.swift in Sources */ = {isa = PBXBuildFile; fileRef = 84CF0CA01E991426009DA710 /* PedidoViewController.swift */; };
/* End PBXBuildFile section */

/* Begin PBXFileReference section */
		84BEF9901E97FF79004A43BA /* DeboraFood.app */ = {isa = PBXFileReference; explicitFileType = wrapper.application; includeInIndex = 0; path = DeboraFood.app; sourceTree = BUILT_PRODUCTS_DIR; };
		84BEF9931E97FF79004A43BA /* AppDelegate.swift */ = {isa = PBXFileReference; lastKnownFileType = sourcecode.swift; path = AppDelegate.swift; sourceTree = "<group>"; };
		84BEF9951E97FF79004A43BA /* FormularioViewController.swift */ = {isa = PBXFileReference; lastKnownFileType = sourcecode.swift; path = FormularioViewController.swift; sourceTree = "<group>"; };
		84BEF9981E97FF79004A43BA /* Base */ = {isa = PBXFileReference; lastKnownFileType = file.storyboard; name = Base; path = Base.lproj/Main.storyboard; sourceTree = "<group>"; };
		84BEF99B1E97FF79004A43BA /* DeboraFood.xcdatamodel */ = {isa = PBXFileReference; lastKnownFileType = wrapper.xcdatamodel; path = DeboraFood.xcdatamodel; sourceTree = "<group>"; };
		84BEF99D1E97FF79004A43BA /* Assets.xcassets */ = {isa = PBXFileReference; lastKnownFileType = folder.assetcatalog; path = Assets.xcassets; sourceTree = "<group>"; };
		84BEF9A01E97FF79004A43BA /* Base */ = {isa = PBXFileReference; lastKnownFileType = file.storyboard; name = Base; path = Base.lproj/LaunchScreen.storyboard; sourceTree = "<group>"; };
		84BEF9A21E97FF79004A43BA /* Info.plist */ = {isa = PBXFileReference; lastKnownFileType = text.plist.xml; path = Info.plist; sourceTree = "<group>"; };
		84BEF9AB1E9806E7004A43BA /* ListarTableViewController.swift */ = {isa = PBXFileReference; fileEncoding = 4; lastKnownFileType = sourcecode.swift; path = ListarTableViewController.swift; sourceTree = "<group>"; };
		84BEF9AD1E980727004A43BA /* Pedido.swift */ = {isa = PBXFileReference; fileEncoding = 4; lastKnownFileType = sourcecode.swift; path = Pedido.swift; sourceTree = "<group>"; };
		84BEF9AF1E980880004A43BA /* Produto.swift */ = {isa = PBXFileReference; fileEncoding = 4; lastKnownFileType = sourcecode.swift; path = Produto.swift; sourceTree = "<group>"; };
		84BEF9B11E981B3A004A43BA /* ProdutoViewController.swift */ = {isa = PBXFileReference; fileEncoding = 4; lastKnownFileType = sourcecode.swift; path = ProdutoViewController.swift; sourceTree = "<group>"; };
		84CF0CA01E991426009DA710 /* PedidoViewController.swift */ = {isa = PBXFileReference; fileEncoding = 4; lastKnownFileType = sourcecode.swift; path = PedidoViewController.swift; sourceTree = "<group>"; };
/* End PBXFileReference section */

/* Begin PBXFrameworksBuildPhase section */
		84BEF98D1E97FF78004A43BA /* Frameworks */ = {
			isa = PBXFrameworksBuildPhase;
			buildActionMask = 2147483647;
			files = (
			);
			runOnlyForDeploymentPostprocessing = 0;
		};
/* End PBXFrameworksBuildPhase section */

/* Begin PBXGroup section */
		84BEF9871E97FF78004A43BA = {
			isa = PBXGroup;
			children = (
				84BEF9921E97FF79004A43BA /* DeboraFood */,
				84BEF9911E97FF79004A43BA /* Products */,
			);
			sourceTree = "<group>";
		};
		84BEF9911E97FF79004A43BA /* Products */ = {
			isa = PBXGroup;
			children = (
				84BEF9901E97FF79004A43BA /* DeboraFood.app */,
			);
			name = Products;
			sourceTree = "<group>";
		};
		84BEF9921E97FF79004A43BA /* DeboraFood */ = {
			isa = PBXGroup;
			children = (
				84BEF9AA1E97FFB6004A43BA /* Controller */,
				84BEF9A91E97FFAE004A43BA /* View */,
				84BEF9A81E97FFA6004A43BA /* Model */,
				84BEF99D1E97FF79004A43BA /* Assets.xcassets */,
				84BEF9A21E97FF79004A43BA /* Info.plist */,
				84BEF99A1E97FF79004A43BA /* DeboraFood.xcdatamodeld */,
			);
			path = DeboraFood;
			sourceTree = "<group>";
		};
		84BEF9A81E97FFA6004A43BA /* Model */ = {
			isa = PBXGroup;
			children = (
				84BEF9AD1E980727004A43BA /* Pedido.swift */,
				84BEF9AF1E980880004A43BA /* Produto.swift */,
			);
			name = Model;
			sourceTree = "<group>";
		};
		84BEF9A91E97FFAE004A43BA /* View */ = {
			isa = PBXGroup;
			children = (
				84BEF99F1E97FF79004A43BA /* LaunchScreen.storyboard */,
				84BEF9971E97FF79004A43BA /* Main.storyboard */,
			);
			name = View;
			sourceTree = "<group>";
		};
		84BEF9AA1E97FFB6004A43BA /* Controller */ = {
			isa = PBXGroup;
			children = (
				84BEF9AB1E9806E7004A43BA /* ListarTableViewController.swift */,
				84BEF9951E97FF79004A43BA /* FormularioViewController.swift */,
				84BEF9931E97FF79004A43BA /* AppDelegate.swift */,
				84BEF9B11E981B3A004A43BA /* ProdutoViewController.swift */,
				84CF0CA01E991426009DA710 /* PedidoViewController.swift */,
			);
			name = Controller;
			sourceTree = "<group>";
		};
/* End PBXGroup section */

/* Begin PBXNativeTarget section */
		84BEF98F1E97FF78004A43BA /* DeboraFood */ = {
			isa = PBXNativeTarget;
			buildConfigurationList = 84BEF9A51E97FF79004A43BA /* Build configuration list for PBXNativeTarget "DeboraFood" */;
			buildPhases = (
				84BEF98C1E97FF78004A43BA /* Sources */,
				84BEF98D1E97FF78004A43BA /* Frameworks */,
				84BEF98E1E97FF78004A43BA /* Resources */,
			);
			buildRules = (
			);
			dependencies = (
			);
			name = DeboraFood;
			productName = DeboraFood;
			productReference = 84BEF9901E97FF79004A43BA /* DeboraFood.app */;
			productType = "com.apple.product-type.application";
		};
/* End PBXNativeTarget section */

/* Begin PBXProject section */
		84BEF9881E97FF78004A43BA /* Project object */ = {
			isa = PBXProject;
			attributes = {
				LastSwiftUpdateCheck = 0820;
				LastUpgradeCheck = 0820;
				ORGANIZATIONNAME = admin;
				TargetAttributes = {
					84BEF98F1E97FF78004A43BA = {
						CreatedOnToolsVersion = 8.2.1;
						ProvisioningStyle = Automatic;
					};
				};
			};
			buildConfigurationList = 84BEF98B1E97FF78004A43BA /* Build configuration list for PBXProject "DeboraFood" */;
			compatibilityVersion = "Xcode 3.2";
			developmentRegion = English;
			hasScannedForEncodings = 0;
			knownRegions = (
				en,
				Base,
			);
			mainGroup = 84BEF9871E97FF78004A43BA;
			productRefGroup = 84BEF9911E97FF79004A43BA /* Products */;
			projectDirPath = "";
			projectRoot = "";
			targets = (
				84BEF98F1E97FF78004A43BA /* DeboraFood */,
			);
		};
/* End PBXProject section */

/* Begin PBXResourcesBuildPhase section */
		84BEF98E1E97FF78004A43BA /* Resources */ = {
			isa = PBXResourcesBuildPhase;
			buildActionMask = 2147483647;
			files = (
				84BEF9A11E97FF79004A43BA /* LaunchScreen.storyboard in Resources */,
				84BEF99E1E97FF79004A43BA /* Assets.xcassets in Resources */,
				84BEF9991E97FF79004A43BA /* Main.storyboard in Resources */,
			);
			runOnlyForDeploymentPostprocessing = 0;
		};
/* End PBXResourcesBuildPhase section */

/* Begin PBXSourcesBuildPhase section */
		84BEF98C1E97FF78004A43BA /* Sources */ = {
			isa = PBXSourcesBuildPhase;
			buildActionMask = 2147483647;
			files = (
				84BEF9B21E981B3A004A43BA /* ProdutoViewController.swift in Sources */,
				84CF0CA11E991426009DA710 /* PedidoViewController.swift in Sources */,
				84BEF9AC1E9806E7004A43BA /* ListarTableViewController.swift in Sources */,
				84BEF9B01E980880004A43BA /* Produto.swift in Sources */,
				84BEF9961E97FF79004A43BA /* FormularioViewController.swift in Sources */,
				84BEF9941E97FF79004A43BA /* AppDelegate.swift in Sources */,
				84BEF99C1E97FF79004A43BA /* DeboraFood.xcdatamodeld in Sources */,
				84BEF9AE1E980727004A43BA /* Pedido.swift in Sources */,
			);
			runOnlyForDeploymentPostprocessing = 0;
		};
/* End PBXSourcesBuildPhase section */

/* Begin PBXVariantGroup section */
		84BEF9971E97FF79004A43BA /* Main.storyboard */ = {
			isa = PBXVariantGroup;
			children = (
				84BEF9981E97FF79004A43BA /* Base */,
			);
			name = Main.storyboard;
			sourceTree = "<group>";
		};
		84BEF99F1E97FF79004A43BA /* LaunchScreen.storyboard */ = {
			isa = PBXVariantGroup;
			children = (
				84BEF9A01E97FF79004A43BA /* Base */,
			);
			name = LaunchScreen.storyboard;
			sourceTree = "<group>";
		};
/* End PBXVariantGroup section */

/* Begin XCBuildConfiguration section */
		84BEF9A31E97FF79004A43BA /* Debug */ = {
			isa = XCBuildConfiguration;
			buildSettings = {
				ALWAYS_SEARCH_USER_PATHS = NO;
				CLANG_ANALYZER_NONNULL = YES;
				CLANG_CXX_LANGUAGE_STANDARD = "gnu++0x";
				CLANG_CXX_LIBRARY = "libc++";
				CLANG_ENABLE_MODULES = YES;
				CLANG_ENABLE_OBJC_ARC = YES;
				CLANG_WARN_BOOL_CONVERSION = YES;
				CLANG_WARN_CONSTANT_CONVERSION = YES;
				CLANG_WARN_DIRECT_OBJC_ISA_USAGE = YES_ERROR;
				CLANG_WARN_DOCUMENTATION_COMMENTS = YES;
				CLANG_WARN_EMPTY_BODY = YES;
				CLANG_WARN_ENUM_CONVERSION = YES;
				CLANG_WARN_INFINITE_RECURSION = YES;
				CLANG_WARN_INT_CONVERSION = YES;
				CLANG_WARN_OBJC_ROOT_CLASS = YES_ERROR;
				CLANG_WARN_SUSPICIOUS_MOVE = YES;
				CLANG_WARN_UNREACHABLE_CODE = YES;
				CLANG_WARN__DUPLICATE_METHOD_MATCH = YES;
				"CODE_SIGN_IDENTITY[sdk=iphoneos*]" = "iPhone Developer";
				COPY_PHASE_STRIP = NO;
				DEBUG_INFORMATION_FORMAT = dwarf;
				ENABLE_STRICT_OBJC_MSGSEND = YES;
				ENABLE_TESTABILITY = YES;
				GCC_C_LANGUAGE_STANDARD = gnu99;
				GCC_DYNAMIC_NO_PIC = NO;
				GCC_NO_COMMON_BLOCKS = YES;
				GCC_OPTIMIZATION_LEVEL = 0;
				GCC_PREPROCESSOR_DEFINITIONS = (
					"DEBUG=1",
					"$(inherited)",
				);
				GCC_WARN_64_TO_32_BIT_CONVERSION = YES;
				GCC_WARN_ABOUT_RETURN_TYPE = YES_ERROR;
				GCC_WARN_UNDECLARED_SELECTOR = YES;
				GCC_WARN_UNINITIALIZED_AUTOS = YES_AGGRESSIVE;
				GCC_WARN_UNUSED_FUNCTION = YES;
				GCC_WARN_UNUSED_VARIABLE = YES;
				IPHONEOS_DEPLOYMENT_TARGET = 10.2;
				MTL_ENABLE_DEBUG_INFO = YES;
				ONLY_ACTIVE_ARCH = YES;
				SDKROOT = iphoneos;
				SWIFT_ACTIVE_COMPILATION_CONDITIONS = DEBUG;
				SWIFT_OPTIMIZATION_LEVEL = "-Onone";
			};
			name = Debug;
		};
		84BEF9A41E97FF79004A43BA /* Release */ = {
			isa = XCBuildConfiguration;
			buildSettings = {
				ALWAYS_SEARCH_USER_PATHS = NO;
				CLANG_ANALYZER_NONNULL = YES;
				CLANG_CXX_LANGUAGE_STANDARD = "gnu++0x";
				CLANG_CXX_LIBRARY = "libc++";
				CLANG_ENABLE_MODULES = YES;
				CLANG_ENABLE_OBJC_ARC = YES;
				CLANG_WARN_BOOL_CONVERSION = YES;
				CLANG_WARN_CONSTANT_CONVERSION = YES;
				CLANG_WARN_DIRECT_OBJC_ISA_USAGE = YES_ERROR;
				CLANG_WARN_DOCUMENTATION_COMMENTS = YES;
				CLANG_WARN_EMPTY_BODY = YES;
				CLANG_WARN_ENUM_CONVERSION = YES;
				CLANG_WARN_INFINITE_RECURSION = YES;
				CLANG_WARN_INT_CONVERSION = YES;
				CLANG_WARN_OBJC_ROOT_CLASS = YES_ERROR;
				CLANG_WARN_SUSPICIOUS_MOVE = YES;
				CLANG_WARN_UNREACHABLE_CODE = YES;
				CLANG_WARN__DUPLICATE_METHOD_MATCH = YES;
				"CODE_SIGN_IDENTITY[sdk=iphoneos*]" = "iPhone Developer";
				COPY_PHASE_STRIP = NO;
				DEBUG_INFORMATION_FORMAT = "dwarf-with-dsym";
				ENABLE_NS_ASSERTIONS = NO;
				ENABLE_STRICT_OBJC_MSGSEND = YES;
				GCC_C_LANGUAGE_STANDARD = gnu99;
				GCC_NO_COMMON_BLOCKS = YES;
				GCC_WARN_64_TO_32_BIT_CONVERSION = YES;
				GCC_WARN_ABOUT_RETURN_TYPE = YES_ERROR;
				GCC_WARN_UNDECLARED_SELECTOR = YES;
				GCC_WARN_UNINITIALIZED_AUTOS = YES_AGGRESSIVE;
				GCC_WARN_UNUSED_FUNCTION = YES;
				GCC_WARN_UNUSED_VARIABLE = YES;
				IPHONEOS_DEPLOYMENT_TARGET = 10.2;
				MTL_ENABLE_DEBUG_INFO = NO;
				SDKROOT = iphoneos;
				SWIFT_OPTIMIZATION_LEVEL = "-Owholemodule";
				VALIDATE_PRODUCT = YES;
			};
			name = Release;
		};
		84BEF9A61E97FF79004A43BA /* Debug */ = {
			isa = XCBuildConfiguration;
			buildSettings = {
				ASSETCATALOG_COMPILER_APPICON_NAME = AppIcon;
				INFOPLIST_FILE = DeboraFood/Info.plist;
				LD_RUNPATH_SEARCH_PATHS = "$(inherited) @executable_path/Frameworks";
				PRODUCT_BUNDLE_IDENTIFIER = br.edu.ifpb.si.pdm.DeboraFood;
				PRODUCT_NAME = "$(TARGET_NAME)";
				SWIFT_VERSION = 3.0;
			};
			name = Debug;
		};
		84BEF9A71E97FF79004A43BA /* Release */ = {
			isa = XCBuildConfiguration;
			buildSettings = {
				ASSETCATALOG_COMPILER_APPICON_NAME = AppIcon;
				INFOPLIST_FILE = DeboraFood/Info.plist;
				LD_RUNPATH_SEARCH_PATHS = "$(inherited) @executable_path/Frameworks";
				PRODUCT_BUNDLE_IDENTIFIER = br.edu.ifpb.si.pdm.DeboraFood;
				PRODUCT_NAME = "$(TARGET_NAME)";
				SWIFT_VERSION = 3.0;
			};
			name = Release;
		};
/* End XCBuildConfiguration section */

/* Begin XCConfigurationList section */
		84BEF98B1E97FF78004A43BA /* Build configuration list for PBXProject "DeboraFood" */ = {
			isa = XCConfigurationList;
			buildConfigurations = (
				84BEF9A31E97FF79004A43BA /* Debug */,
				84BEF9A41E97FF79004A43BA /* Release */,
			);
			defaultConfigurationIsVisible = 0;
			defaultConfigurationName = Release;
		};
		84BEF9A51E97FF79004A43BA /* Build configuration list for PBXNativeTarget "DeboraFood" */ = {
			isa = XCConfigurationList;
			buildConfigurations = (
				84BEF9A61E97FF79004A43BA /* Debug */,
				84BEF9A71E97FF79004A43BA /* Release */,
			);
			defaultConfigurationIsVisible = 0;
			defaultConfigurationName = Release;
		};
/* End XCConfigurationList section */

/* Begin XCVersionGroup section */
		84BEF99A1E97FF79004A43BA /* DeboraFood.xcdatamodeld */ = {
			isa = XCVersionGroup;
			children = (
				84BEF99B1E97FF79004A43BA /* DeboraFood.xcdatamodel */,
			);
			currentVersion = 84BEF99B1E97FF79004A43BA /* DeboraFood.xcdatamodel */;
			path = DeboraFood.xcdatamodeld;
			sourceTree = "<group>";
			versionGroupType = wrapper.xcdatamodel;
		};
/* End XCVersionGroup section */
	};
	rootObject = 84BEF9881E97FF78004A43BA /* Project object */;
}
